GIT
  remote: https://github.com/libzero/zero.git
  revision: d92dea46954b388ec13bc53c6e4f9894f25863c4
  specs:
    zero (0.2.0)
      tilt

GEM
  remote: https://rubygems.org/
  specs:
    addressable (2.2.6)
    chunky_png (1.2.8)
    compass (0.12.2)
      chunky_png (~> 1.2)
      fssm (>= 0.2.7)
      sass (~> 3.1)
    data_objects (0.10.6)
      addressable (~> 2.1)
    do_postgres (0.10.6)
      data_objects (= 0.10.6)
    fssm (0.2.10)
    kramdown (1.1.0)
    puma (2.4.0)
      rack (>= 1.1, < 2.0)
    rack (1.5.2)
    sass (3.2.10)
    sequel (4.1.1)
    slim (2.0.1)
      temple (~> 0.6.6)
      tilt (>= 1.3.3, < 2.1)
    temple (0.6.6)
    tilt (1.4.1)

PLATFORMS
  ruby

DEPENDENCIES
  compass
  do_postgres
  kramdown
  puma
  sass
  sequel
  slim
  zero!
